
Microsoft Visual Studio Solution File, Format Version 12.00
# Visual Studio Version 16
VisualStudioVersion = 16.0.29519.87
MinimumVisualStudioVersion = 10.0.40219.1
Project("{FAE04EC0-301F-11D3-BF4B-00C04F79EFBC}") = "Web.Client", "Web.Client\Web.Client.csproj", "{61FEE536-645F-4A99-9CD8-49EBD8AFAA5D}"
EndProject
Project("{FAE04EC0-301F-11D3-BF4B-00C04F79EFBC}") = "WebClient.Domain", "WebClient.Domain\WebClient.Domain.csproj", "{36BCC70F-0BA0-4677-94A4-0F78D268268B}"
EndProject
Project("{FAE04EC0-301F-11D3-BF4B-00C04F79EFBC}") = "WebClient.Infra", "WebClient.Infra\WebClient.Infra.csproj", "{C849BC15-20D3-491A-BF53-A2B84750243B}"
EndProject
Global
	GlobalSection(SolutionConfigurationPlatforms) = preSolution
		Debug|Any CPU = Debug|Any CPU
		Release|Any CPU = Release|Any CPU
	EndGlobalSection
	GlobalSection(ProjectConfigurationPlatforms) = postSolution
		{61FEE536-645F-4A99-9CD8-49EBD8AFAA5D}.Debug|Any CPU.ActiveCfg = Debug|Any CPU
		{61FEE536-645F-4A99-9CD8-49EBD8AFAA5D}.Debug|Any CPU.Build.0 = Debug|Any CPU
		{61FEE536-645F-4A99-9CD8-49EBD8AFAA5D}.Release|Any CPU.ActiveCfg = Release|Any CPU
		{61FEE536-645F-4A99-9CD8-49EBD8AFAA5D}.Release|Any CPU.Build.0 = Release|Any CPU
		{36BCC70F-0BA0-4677-94A4-0F78D268268B}.Debug|Any CPU.ActiveCfg = Debug|Any CPU
		{36BCC70F-0BA0-4677-94A4-0F78D268268B}.Debug|Any CPU.Build.0 = Debug|Any CPU
		{36BCC70F-0BA0-4677-94A4-0F78D268268B}.Release|Any CPU.ActiveCfg = Release|Any CPU
		{36BCC70F-0BA0-4677-94A4-0F78D268268B}.Release|Any CPU.Build.0 = Release|Any CPU
		{C849BC15-20D3-491A-BF53-A2B84750243B}.Debug|Any CPU.ActiveCfg = Debug|Any CPU
		{C849BC15-20D3-491A-BF53-A2B84750243B}.Debug|Any CPU.Build.0 = Debug|Any CPU
		{C849BC15-20D3-491A-BF53-A2B84750243B}.Release|Any CPU.ActiveCfg = Release|Any CPU
		{C849BC15-20D3-491A-BF53-A2B84750243B}.Release|Any CPU.Build.0 = Release|Any CPU
	EndGlobalSection
	GlobalSection(SolutionProperties) = preSolution
		HideSolutionNode = FALSE
	EndGlobalSection
	GlobalSection(ExtensibilityGlobals) = postSolution
		SolutionGuid = {C439A4BD-D1B7-43BA-9E62-EF34D373F673}
	EndGlobalSection
EndGlobal
