
Microsoft Visual Studio Solution File, Format Version 12.00
# Visual Studio Version 16
VisualStudioVersion = 16.0.29519.87
MinimumVisualStudioVersion = 10.0.40219.1
Project("{9A19103F-16F7-4668-BE54-9A1E7A4F7556}") = "Web.Client", "Web.Client\Web.Client.csproj", "{6602714E-81ED-4FFD-BFDF-91742E208603}"
EndProject
Project("{FAE04EC0-301F-11D3-BF4B-00C04F79EFBC}") = "Web.Client.Domain", "Web.Client.Domain\Web.Client.Domain.csproj", "{FDEAD980-823B-4830-BD2B-57C444BED7A8}"
EndProject
Project("{FAE04EC0-301F-11D3-BF4B-00C04F79EFBC}") = "Web.Client.Infra", "Web.Client.Infra\Web.Client.Infra.csproj", "{C63ADA95-0071-444A-B87B-022439437B48}"
EndProject
Global
	GlobalSection(SolutionConfigurationPlatforms) = preSolution
		Debug|Any CPU = Debug|Any CPU
		Release|Any CPU = Release|Any CPU
	EndGlobalSection
	GlobalSection(ProjectConfigurationPlatforms) = postSolution
		{6602714E-81ED-4FFD-BFDF-91742E208603}.Debug|Any CPU.ActiveCfg = Debug|Any CPU
		{6602714E-81ED-4FFD-BFDF-91742E208603}.Debug|Any CPU.Build.0 = Debug|Any CPU
		{6602714E-81ED-4FFD-BFDF-91742E208603}.Release|Any CPU.ActiveCfg = Release|Any CPU
		{6602714E-81ED-4FFD-BFDF-91742E208603}.Release|Any CPU.Build.0 = Release|Any CPU
		{FDEAD980-823B-4830-BD2B-57C444BED7A8}.Debug|Any CPU.ActiveCfg = Debug|Any CPU
		{FDEAD980-823B-4830-BD2B-57C444BED7A8}.Debug|Any CPU.Build.0 = Debug|Any CPU
		{FDEAD980-823B-4830-BD2B-57C444BED7A8}.Release|Any CPU.ActiveCfg = Release|Any CPU
		{FDEAD980-823B-4830-BD2B-57C444BED7A8}.Release|Any CPU.Build.0 = Release|Any CPU
		{C63ADA95-0071-444A-B87B-022439437B48}.Debug|Any CPU.ActiveCfg = Debug|Any CPU
		{C63ADA95-0071-444A-B87B-022439437B48}.Debug|Any CPU.Build.0 = Debug|Any CPU
		{C63ADA95-0071-444A-B87B-022439437B48}.Release|Any CPU.ActiveCfg = Release|Any CPU
		{C63ADA95-0071-444A-B87B-022439437B48}.Release|Any CPU.Build.0 = Release|Any CPU
	EndGlobalSection
	GlobalSection(SolutionProperties) = preSolution
		HideSolutionNode = FALSE
	EndGlobalSection
	GlobalSection(ExtensibilityGlobals) = postSolution
		SolutionGuid = {10899CD2-B493-4173-821B-044BD6D5796B}
	EndGlobalSection
EndGlobal
